<?xml version="1.0" encoding="utf-8"?>
<Project ToolsVersion="4.0" xmlns="http://schemas.microsoft.com/developer/msbuild/2003">
  <ItemGroup>
    <ClCompile Include="src\main.cpp">
      <Filter>src</Filter>
    </ClCompile>
    <ClCompile Include="src\AppGui.cpp">
      <Filter>src</Filter>
    </ClCompile>
    <ClCompile Include="src\Camera.cpp">
      <Filter>src</Filter>
    </ClCompile>
    <ClCompile Include="src\Canvas.cpp">
      <Filter>src</Filter>
    </ClCompile>
    <ClCompile Include="src\Canvas3D.cpp">
      <Filter>src</Filter>
    </ClCompile>
    <ClCompile Include="src\Controller.cpp">
      <Filter>src</Filter>
    </ClCompile>
    <ClCompile Include="src\CurveUI.cpp">
      <Filter>src</Filter>
    </ClCompile>
    <ClCompile Include="src\HistogramUI.cpp">
      <Filter>src</Filter>
    </ClCompile>
    <ClCompile Include="src\MappingScene.cpp">
      <Filter>src</Filter>
    </ClCompile>
    <ClCompile Include="src\PBRScene.cpp">
      <Filter>src</Filter>
    </ClCompile>
    <ClCompile Include="src\RaytracingScene.cpp">
      <Filter>src</Filter>
    </ClCompile>
    <ClCompile Include="src\TriangulationUI.cpp">
      <Filter>src</Filter>
    </ClCompile>
    <ClCompile Include="src\app\Application.cpp">
      <Filter>src\app</Filter>
    </ClCompile>
    <ClCompile Include="src\app\Renderer.cpp">
      <Filter>src\app</Filter>
    </ClCompile>
    <ClCompile Include="src\main.cpp">
      <Filter>src</Filter>
    </ClCompile>
    <ClCompile Include="src\plugin\geometry\BoundaryBox.cpp">
      <Filter>src\plugin\geometry</Filter>
    </ClCompile>
    <ClCompile Include="src\plugin\image\ColourSpaces.cpp">
      <Filter>src\plugin\image</Filter>
    </ClCompile>
    <ClCompile Include="src\plugin\image\Exporting.cpp">
      <Filter>src\plugin\image</Filter>
    </ClCompile>
    <ClCompile Include="src\plugin\image\Histogram.cpp">
      <Filter>src\plugin\image</Filter>
    </ClCompile>
    <ClCompile Include="src\plugin\image\Image.cpp">
      <Filter>src\plugin\image</Filter>
    </ClCompile>
    <ClCompile Include="src\plugin\image\Importing.cpp">
      <Filter>src\plugin\image</Filter>
    </ClCompile>
    <ClCompile Include="src\plugin\image\ResourceManager.cpp">
      <Filter>src\plugin\image</Filter>
    </ClCompile>
    <ClCompile Include="src\plugin\image\ToneMapping.cpp">
      <Filter>src\plugin\image</Filter>
    </ClCompile>
    <ClCompile Include="src\plugin\light\Light.cpp">
      <Filter>src\plugin\light</Filter>
    </ClCompile>
    <ClCompile Include="src\plugin\primitive\Box.cpp">
      <Filter>src\plugin\primitive</Filter>
    </ClCompile>
    <ClCompile Include="src\plugin\primitive\Ellipse.cpp">
      <Filter>src\plugin\primitive</Filter>
    </ClCompile>
    <ClCompile Include="src\plugin\primitive\Ellipsoid.cpp">
      <Filter>src\plugin\primitive</Filter>
    </ClCompile>
    <ClCompile Include="src\plugin\primitive\Line2D.cpp">
      <Filter>src\plugin\primitive</Filter>
    </ClCompile>
    <ClCompile Include="src\plugin\primitive\ObjModel.cpp">
      <Filter>src\plugin\primitive</Filter>
    </ClCompile>
    <ClCompile Include="src\plugin\primitive\Point2D.cpp">
      <Filter>src\plugin\primitive</Filter>
    </ClCompile>
    <ClCompile Include="src\plugin\primitive\Polygon.cpp">
      <Filter>src\plugin\primitive</Filter>
    </ClCompile>
    <ClCompile Include="src\plugin\primitive\Rectangle.cpp">
      <Filter>src\plugin\primitive</Filter>
    </ClCompile>
    <ClCompile Include="src\plugin\states\DrawBoxState.cpp">
      <Filter>src\plugin\states</Filter>
    </ClCompile>
    <ClCompile Include="src\plugin\states\DrawCoonsState.cpp">
      <Filter>src\plugin\states</Filter>
    </ClCompile>
    <ClCompile Include="src\plugin\states\DrawEllipseState.cpp">
      <Filter>src\plugin\states</Filter>
    </ClCompile>
    <ClCompile Include="src\plugin\states\DrawEllipsoidState.cpp">
      <Filter>src\plugin\states</Filter>
    </ClCompile>
    <ClCompile Include="src\plugin\states\DrawHistogramState.cpp">
      <Filter>src\plugin\states</Filter>
    </ClCompile>
    <ClCompile Include="src\plugin\states\DrawLineState.cpp">
      <Filter>src\plugin\states</Filter>
    </ClCompile>
    <ClCompile Include="src\plugin\states\DrawPointState.cpp">
      <Filter>src\plugin\states</Filter>
    </ClCompile>
    <ClCompile Include="src\plugin\states\DrawPolygonState.cpp">
      <Filter>src\plugin\states</Filter>
    </ClCompile>
    <ClCompile Include="src\plugin\states\DrawRectangleState.cpp">
      <Filter>src\plugin\states</Filter>
    </ClCompile>
    <ClCompile Include="src\plugin\states\SelectionState.cpp">
      <Filter>src\plugin\states</Filter>
    </ClCompile>
    <ClCompile Include="src\plugin\states\StateMachine.cpp">
      <Filter>src\plugin\states</Filter>
    </ClCompile>
    <ClCompile Include="src\plugin\texture\Skybox.cpp">
      <Filter>src\plugin\texture</Filter>
    </ClCompile>
    <ClCompile Include="src\plugin\topology\BezierQuadratique.cpp">
      <Filter>src\plugin\topology</Filter>
    </ClCompile>
    <ClCompile Include="src\plugin\topology\CatmullRom.cpp">
      <Filter>src\plugin\topology</Filter>
    </ClCompile>
    <ClCompile Include="src\plugin\topology\Coons.cpp">
      <Filter>src\plugin\topology</Filter>
    </ClCompile>
    <ClCompile Include="src\plugin\topology\Delauney.cpp">
      <Filter>src\plugin\topology</Filter>
    </ClCompile>
    <ClCompile Include="src\plugin\transformation\history\Invoker.cpp">
      <Filter>src\plugin\transformation\history</Filter>
    </ClCompile>
    <ClCompile Include="..\..\..\addons\ofxAssimpModelLoader\src\ofxAssimpAnimation.cpp">
      <Filter>addons\ofxAssimpModelLoader\src</Filter>
    </ClCompile>
    <ClCompile Include="..\..\..\addons\ofxAssimpModelLoader\src\ofxAssimpMeshHelper.cpp">
      <Filter>addons\ofxAssimpModelLoader\src</Filter>
    </ClCompile>
    <ClCompile Include="..\..\..\addons\ofxAssimpModelLoader\src\ofxAssimpModelLoader.cpp">
      <Filter>addons\ofxAssimpModelLoader\src</Filter>
    </ClCompile>
    <ClCompile Include="..\..\..\addons\ofxAssimpModelLoader\src\ofxAssimpTexture.cpp">
      <Filter>addons\ofxAssimpModelLoader\src</Filter>
    </ClCompile>
    <ClCompile Include="..\..\..\addons\ofxGui\src\ofxBaseGui.cpp">
      <Filter>addons\ofxGui\src</Filter>
    </ClCompile>
    <ClCompile Include="..\..\..\addons\ofxGui\src\ofxButton.cpp">
      <Filter>addons\ofxGui\src</Filter>
    </ClCompile>
    <ClCompile Include="..\..\..\addons\ofxGui\src\ofxColorPicker.cpp">
      <Filter>addons\ofxGui\src</Filter>
    </ClCompile>
    <ClCompile Include="..\..\..\addons\ofxGui\src\ofxGuiGroup.cpp">
      <Filter>addons\ofxGui\src</Filter>
    </ClCompile>
    <ClCompile Include="..\..\..\addons\ofxGui\src\ofxInputField.cpp">
      <Filter>addons\ofxGui\src</Filter>
    </ClCompile>
    <ClCompile Include="..\..\..\addons\ofxGui\src\ofxLabel.cpp">
      <Filter>addons\ofxGui\src</Filter>
    </ClCompile>
    <ClCompile Include="..\..\..\addons\ofxGui\src\ofxPanel.cpp">
      <Filter>addons\ofxGui\src</Filter>
    </ClCompile>
    <ClCompile Include="..\..\..\addons\ofxGui\src\ofxSlider.cpp">
      <Filter>addons\ofxGui\src</Filter>
    </ClCompile>
    <ClCompile Include="..\..\..\addons\ofxGui\src\ofxSliderGroup.cpp">
      <Filter>addons\ofxGui\src</Filter>
    </ClCompile>
    <ClCompile Include="..\..\..\addons\ofxGui\src\ofxToggle.cpp">
      <Filter>addons\ofxGui\src</Filter>
    </ClCompile>
    <ClCompile Include="..\..\..\addons\ofxImGui\src\BaseEngine.cpp">
      <Filter>addons\ofxImGui\src</Filter>
    </ClCompile>
    <ClCompile Include="..\..\..\addons\ofxImGui\src\DefaultTheme.cpp">
      <Filter>addons\ofxImGui\src</Filter>
    </ClCompile>
    <ClCompile Include="..\..\..\addons\ofxImGui\src\EngineGLFW.cpp">
      <Filter>addons\ofxImGui\src</Filter>
    </ClCompile>
    <ClCompile Include="..\..\..\addons\ofxImGui\src\EngineOpenFrameworks.cpp">
      <Filter>addons\ofxImGui\src</Filter>
    </ClCompile>
    <ClCompile Include="..\..\..\addons\ofxImGui\src\EngineOpenGLES.cpp">
      <Filter>addons\ofxImGui\src</Filter>
    </ClCompile>
    <ClCompile Include="..\..\..\addons\ofxImGui\src\Gui.cpp">
      <Filter>addons\ofxImGui\src</Filter>
    </ClCompile>
    <ClCompile Include="..\..\..\addons\ofxImGui\src\ImHelpers.cpp">
      <Filter>addons\ofxImGui\src</Filter>
    </ClCompile>
    <ClCompile Include="..\..\..\addons\ofxImGui\src\ofxImGuiLoggerChannel.cpp">
      <Filter>addons\ofxImGui\src</Filter>
    </ClCompile>
    <ClCompile Include="..\..\..\addons\ofxImGui\libs\imgui\backends\imgui_impl_glfw.cpp">
      <Filter>addons\ofxImGui\libs\imgui\backends</Filter>
    </ClCompile>
    <ClCompile Include="..\..\..\addons\ofxImGui\libs\imgui\backends\imgui_impl_glfw_context_support.cpp">
      <Filter>addons\ofxImGui\libs\imgui\backends</Filter>
    </ClCompile>
    <ClCompile Include="..\..\..\addons\ofxImGui\libs\imgui\backends\imgui_impl_opengl2.cpp">
      <Filter>addons\ofxImGui\libs\imgui\backends</Filter>
    </ClCompile>
    <ClCompile Include="..\..\..\addons\ofxImGui\libs\imgui\backends\imgui_impl_opengl3.cpp">
      <Filter>addons\ofxImGui\libs\imgui\backends</Filter>
    </ClCompile>
    <ClCompile Include="..\..\..\addons\ofxImGui\libs\imgui\extras\imgui_stdlib.cpp">
      <Filter>addons\ofxImGui\libs\imgui\extras</Filter>
    </ClCompile>
    <ClCompile Include="..\..\..\addons\ofxImGui\libs\imgui\src\imgui.cpp">
      <Filter>addons\ofxImGui\libs\imgui\src</Filter>
    </ClCompile>
    <ClCompile Include="..\..\..\addons\ofxImGui\libs\imgui\src\imgui_demo.cpp">
      <Filter>addons\ofxImGui\libs\imgui\src</Filter>
    </ClCompile>
    <ClCompile Include="..\..\..\addons\ofxImGui\libs\imgui\src\imgui_draw.cpp">
      <Filter>addons\ofxImGui\libs\imgui\src</Filter>
    </ClCompile>
    <ClCompile Include="..\..\..\addons\ofxImGui\libs\imgui\src\imgui_tables.cpp">
      <Filter>addons\ofxImGui\libs\imgui\src</Filter>
    </ClCompile>
    <ClCompile Include="..\..\..\addons\ofxImGui\libs\imgui\src\imgui_widgets.cpp">
      <Filter>addons\ofxImGui\libs\imgui\src</Filter>
    </ClCompile>
  </ItemGroup>
  <ItemGroup>
    <Filter Include="src">
      <UniqueIdentifier>{d8376475-7454-4a24-b08a-aac121d3ad6f}</UniqueIdentifier>
    </Filter>
    <Filter Include="src\app">
      <UniqueIdentifier>{A0DCAC98--987-C-4B-C0-9-6BF-BD3B4A76B226}</UniqueIdentifier>
    </Filter>
    <Filter Include="src\plugin">
      <UniqueIdentifier>{E7BFF546--EE2-4-49-7D-A-F8D-994710A33C7C}</UniqueIdentifier>
    </Filter>
    <Filter Include="src\plugin\geometry">
      <UniqueIdentifier>{4AE06CD6--678-4-4C-D2-8-3A6-814DA7910761}</UniqueIdentifier>
    </Filter>
    <Filter Include="src\plugin\image">
      <UniqueIdentifier>{083C6D7B--121-D-47-B4-B-840-28B96EE3F3DC}</UniqueIdentifier>
    </Filter>
    <Filter Include="src\plugin\light">
      <UniqueIdentifier>{479D5CDC--D0E-1-4A-D9-A-782-30D7AA50FDE1}</UniqueIdentifier>
    </Filter>
    <Filter Include="src\plugin\primitive">
      <UniqueIdentifier>{73F18D66--B8E-E-4E-0E-9-202-848CC3BCA021}</UniqueIdentifier>
    </Filter>
    <Filter Include="src\plugin\raytracing">
      <UniqueIdentifier>{5066747A--C63-8-41-10-9-08E-F9902181A98B}</UniqueIdentifier>
    </Filter>
    <Filter Include="src\plugin\shape">
      <UniqueIdentifier>{B56B56F5--B3D-5-4A-71-8-B3C-E3957B47F9F6}</UniqueIdentifier>
    </Filter>
    <Filter Include="src\plugin\states">
      <UniqueIdentifier>{D9FB72AE--EFE-6-42-48-B-FDD-98C49B33F035}</UniqueIdentifier>
    </Filter>
    <Filter Include="src\plugin\texture">
      <UniqueIdentifier>{2085270D--5F0-8-4C-E2-8-081-BBF4BE42F004}</UniqueIdentifier>
    </Filter>
    <Filter Include="src\plugin\topology">
      <UniqueIdentifier>{666286A2--674-B-4F-B5-9-BCA-41C8ABA4FEBE}</UniqueIdentifier>
    </Filter>
    <Filter Include="src\plugin\transformation">
      <UniqueIdentifier>{E5D5E627--0EA-1-4E-4B-A-DDA-F93D32F9E8E0}</UniqueIdentifier>
    </Filter>
    <Filter Include="src\plugin\transformation\history">
      <UniqueIdentifier>{D7BBDCE8--B48-3-44-B7-9-930-C5E479860E6C}</UniqueIdentifier>
    </Filter>
    <Filter Include="addons">
      <UniqueIdentifier>{C08E1C8E--68A-D-40-A3-A-1FA-F081EF182895}</UniqueIdentifier>
    </Filter>
    <Filter Include="addons\ofxAssimpModelLoader">
      <UniqueIdentifier>{2C356DF5--8A1-2-40-B9-8-F6D-FFF44AF0F25D}</UniqueIdentifier>
    </Filter>
    <Filter Include="addons\ofxAssimpModelLoader\src">
      <UniqueIdentifier>{616F02C0--4B3-D-48-23-9-6C9-1B10989E17BB}</UniqueIdentifier>
    </Filter>
    <Filter Include="addons\ofxAssimpModelLoader\libs">
      <UniqueIdentifier>{FEE2FEFF--D7F-5-43-6F-B-FF6-D26A5CEEF46C}</UniqueIdentifier>
    </Filter>
    <Filter Include="addons\ofxAssimpModelLoader\libs\assimp">
      <UniqueIdentifier>{2C1B5F47--37C-5-4B-FB-9-FAD-5350CC228970}</UniqueIdentifier>
    </Filter>
    <Filter Include="addons\ofxAssimpModelLoader\libs\assimp\include">
      <UniqueIdentifier>{72CA72F3--5A2-3-4E-58-8-838-EE583A3C5865}</UniqueIdentifier>
    </Filter>
    <Filter Include="addons\ofxAssimpModelLoader\libs\assimp\include\assimp">
      <UniqueIdentifier>{56A43933--44E-E-4B-48-B-0EA-5AD1FB129A80}</UniqueIdentifier>
    </Filter>
    <Filter Include="addons\ofxAssimpModelLoader\libs\assimp\include\assimp\Compiler">
      <UniqueIdentifier>{4278D8A6--D2A-2-48-66-9-08E-3BE96E5EFDC2}</UniqueIdentifier>
    </Filter>
    <Filter Include="addons\ofxAssimpModelLoader\libs\assimp\include\assimp\port">
      <UniqueIdentifier>{498D5594--D9C-F-41-3C-B-6D2-DCE1625D0C94}</UniqueIdentifier>
    </Filter>
    <Filter Include="addons\ofxAssimpModelLoader\libs\assimp\include\assimp\port\AndroidJNI">
      <UniqueIdentifier>{EB4DBFA5--CEB-F-4A-32-9-44A-83617A775E74}</UniqueIdentifier>
    </Filter>
    <Filter Include="addons\ofxGui">
      <UniqueIdentifier>{11761D45--C43-0-40-5F-A-C7F-541F59B77AB6}</UniqueIdentifier>
    </Filter>
    <Filter Include="addons\ofxGui\src">
      <UniqueIdentifier>{8667BA20--2CF-5-4A-9F-8-1C0-10421AFA7AD3}</UniqueIdentifier>
    </Filter>
    <Filter Include="addons\ofxImGui">
      <UniqueIdentifier>{4D2051B7--91D-0-45-B9-A-2BF-5EFAFEE392B7}</UniqueIdentifier>
    </Filter>
    <Filter Include="addons\ofxImGui\src">
      <UniqueIdentifier>{14E2966B--FC4-9-4F-3A-8-64D-8C1465D867D3}</UniqueIdentifier>
    </Filter>
    <Filter Include="addons\ofxImGui\libs">
      <UniqueIdentifier>{F94DA998--4C8-3-41-FE-9-413-0864DBA053DB}</UniqueIdentifier>
    </Filter>
    <Filter Include="addons\ofxImGui\libs\imgui">
      <UniqueIdentifier>{BE763632--222-3-4C-B2-A-3F8-9DB1EB571BCB}</UniqueIdentifier>
    </Filter>
    <Filter Include="addons\ofxImGui\libs\imgui\backends">
      <UniqueIdentifier>{850E9D2F--3EB-B-4A-D1-B-737-45B910232623}</UniqueIdentifier>
    </Filter>
    <Filter Include="addons\ofxImGui\libs\imgui\extras">
      <UniqueIdentifier>{A0F7BE2F--854-B-4C-01-B-2D8-ED26F3FB3182}</UniqueIdentifier>
    </Filter>
    <Filter Include="addons\ofxImGui\libs\imgui\src">
      <UniqueIdentifier>{C47AAB9A--BD4-5-41-5C-A-ACB-5BD1AB52E531}</UniqueIdentifier>
    </Filter>
  </ItemGroup>
  <ItemGroup>
    <ClInclude Include="src\ofApp.h">
      <Filter>src</Filter>
    </ClInclude>
    <ClInclude Include="src\AppGui.hpp">
      <Filter>src</Filter>
    </ClInclude>
    <ClInclude Include="src\Camera.hpp">
      <Filter>src</Filter>
    </ClInclude>
    <ClInclude Include="src\Canvas.hpp">
      <Filter>src</Filter>
    </ClInclude>
    <ClInclude Include="src\Canvas3D.hpp">
      <Filter>src</Filter>
    </ClInclude>
    <ClInclude Include="src\Controller.hpp">
      <Filter>src</Filter>
    </ClInclude>
    <ClInclude Include="src\CurveUI.hpp">
      <Filter>src</Filter>
    </ClInclude>
    <ClInclude Include="src\HistogramUI.hpp">
      <Filter>src</Filter>
    </ClInclude>
    <ClInclude Include="src\MappingScene.hpp">
      <Filter>src</Filter>
    </ClInclude>
    <ClInclude Include="src\Node.hpp">
      <Filter>src</Filter>
    </ClInclude>
    <ClInclude Include="src\Node.inl">
      <Filter>src</Filter>
    </ClInclude>
    <ClInclude Include="src\PBRScene.hpp">
      <Filter>src</Filter>
    </ClInclude>
    <ClInclude Include="src\RaytracingScene.hpp">
      <Filter>src</Filter>
    </ClInclude>
    <ClInclude Include="src\TriangulationUI.hpp">
      <Filter>src</Filter>
    </ClInclude>
    <ClInclude Include="src\app\Application.hpp">
      <Filter>src\app</Filter>
    </ClInclude>
    <ClInclude Include="src\app\Renderer.hpp">
      <Filter>src\app</Filter>
    </ClInclude>
    <ClInclude Include="src\plugin\geometry\BoundaryBox.hpp">
      <Filter>src\plugin\geometry</Filter>
    </ClInclude>
    <ClInclude Include="src\plugin\image\ColourSpaces.hpp">
      <Filter>src\plugin\image</Filter>
    </ClInclude>
    <ClInclude Include="src\plugin\image\Exporting.hpp">
      <Filter>src\plugin\image</Filter>
    </ClInclude>
    <ClInclude Include="src\plugin\image\Histogram.hpp">
      <Filter>src\plugin\image</Filter>
    </ClInclude>
    <ClInclude Include="src\plugin\image\Image.hpp">
      <Filter>src\plugin\image</Filter>
    </ClInclude>
    <ClInclude Include="src\plugin\image\Importing.hpp">
      <Filter>src\plugin\image</Filter>
    </ClInclude>
    <ClInclude Include="src\plugin\image\ResourceManager.hpp">
      <Filter>src\plugin\image</Filter>
    </ClInclude>
    <ClInclude Include="src\plugin\image\Sampling.hpp">
      <Filter>src\plugin\image</Filter>
    </ClInclude>
    <ClInclude Include="src\plugin\image\ToneMapping.hpp">
      <Filter>src\plugin\image</Filter>
    </ClInclude>
    <ClInclude Include="src\plugin\image\images.hpp">
      <Filter>src\plugin\image</Filter>
    </ClInclude>
    <ClInclude Include="src\plugin\light\Light.hpp">
      <Filter>src\plugin\light</Filter>
    </ClInclude>
    <ClInclude Include="src\plugin\light\light_header.hpp">
      <Filter>src\plugin\light</Filter>
    </ClInclude>
    <ClInclude Include="src\plugin\primitive\Box.hpp">
      <Filter>src\plugin\primitive</Filter>
    </ClInclude>
    <ClInclude Include="src\plugin\primitive\Ellipse.hpp">
      <Filter>src\plugin\primitive</Filter>
    </ClInclude>
    <ClInclude Include="src\plugin\primitive\Ellipsoid.hpp">
      <Filter>src\plugin\primitive</Filter>
    </ClInclude>
    <ClInclude Include="src\plugin\primitive\Line2D.hpp">
      <Filter>src\plugin\primitive</Filter>
    </ClInclude>
    <ClInclude Include="src\plugin\primitive\ObjModel.hpp">
      <Filter>src\plugin\primitive</Filter>
    </ClInclude>
    <ClInclude Include="src\plugin\primitive\Point2D.hpp">
      <Filter>src\plugin\primitive</Filter>
    </ClInclude>
    <ClInclude Include="src\plugin\primitive\Polygon.hpp">
      <Filter>src\plugin\primitive</Filter>
    </ClInclude>
    <ClInclude Include="src\plugin\primitive\Primitive.hpp">
      <Filter>src\plugin\primitive</Filter>
    </ClInclude>
    <ClInclude Include="src\plugin\primitive\PrimitiveConcepts.hpp">
      <Filter>src\plugin\primitive</Filter>
    </ClInclude>
    <ClInclude Include="src\plugin\primitive\Rectangle.hpp">
      <Filter>src\plugin\primitive</Filter>
    </ClInclude>
    <ClInclude Include="src\plugin\primitive\primitives.hpp">
      <Filter>src\plugin\primitive</Filter>
    </ClInclude>
    <ClInclude Include="src\plugin\raytracing\Raytracing.hpp">
      <Filter>src\plugin\raytracing</Filter>
    </ClInclude>
    <ClInclude Include="src\plugin\shape\Shape.hpp">
      <Filter>src\plugin\shape</Filter>
    </ClInclude>
    <ClInclude Include="src\plugin\states\DrawBoxState.hpp">
      <Filter>src\plugin\states</Filter>
    </ClInclude>
    <ClInclude Include="src\plugin\states\DrawCoonsState.hpp">
      <Filter>src\plugin\states</Filter>
    </ClInclude>
    <ClInclude Include="src\plugin\states\DrawEllipseState.hpp">
      <Filter>src\plugin\states</Filter>
    </ClInclude>
    <ClInclude Include="src\plugin\states\DrawEllipsoidState.hpp">
      <Filter>src\plugin\states</Filter>
    </ClInclude>
    <ClInclude Include="src\plugin\states\DrawHistogramState.hpp">
      <Filter>src\plugin\states</Filter>
    </ClInclude>
    <ClInclude Include="src\plugin\states\DrawLineState.hpp">
      <Filter>src\plugin\states</Filter>
    </ClInclude>
    <ClInclude Include="src\plugin\states\DrawPointState.hpp">
      <Filter>src\plugin\states</Filter>
    </ClInclude>
    <ClInclude Include="src\plugin\states\DrawPolygonState.hpp">
      <Filter>src\plugin\states</Filter>
    </ClInclude>
    <ClInclude Include="src\plugin\states\DrawRectangleState.hpp">
      <Filter>src\plugin\states</Filter>
    </ClInclude>
    <ClInclude Include="src\plugin\states\SelectionState.hpp">
      <Filter>src\plugin\states</Filter>
    </ClInclude>
    <ClInclude Include="src\plugin\states\State.hpp">
      <Filter>src\plugin\states</Filter>
    </ClInclude>
    <ClInclude Include="src\plugin\states\StateMachine.hpp">
      <Filter>src\plugin\states</Filter>
    </ClInclude>
    <ClInclude Include="src\plugin\states\states.hpp">
      <Filter>src\plugin\states</Filter>
    </ClInclude>
    <ClInclude Include="src\plugin\texture\Skybox.hpp">
      <Filter>src\plugin\texture</Filter>
    </ClInclude>
    <ClInclude Include="src\plugin\texture\texture.hpp">
      <Filter>src\plugin\texture</Filter>
    </ClInclude>
    <ClInclude Include="src\plugin\topology\BezierQuadratique.hpp">
      <Filter>src\plugin\topology</Filter>
    </ClInclude>
    <ClInclude Include="src\plugin\topology\CatmullRom.hpp">
      <Filter>src\plugin\topology</Filter>
    </ClInclude>
    <ClInclude Include="src\plugin\topology\Coons.hpp">
      <Filter>src\plugin\topology</Filter>
    </ClInclude>
    <ClInclude Include="src\plugin\topology\Delauney.hpp">
      <Filter>src\plugin\topology</Filter>
    </ClInclude>
    <ClInclude Include="src\plugin\topology\ShaserLoader.hpp">
      <Filter>src\plugin\topology</Filter>
    </ClInclude>
    <ClInclude Include="src\plugin\topology\TessellationShader.hpp">
      <Filter>src\plugin\topology</Filter>
    </ClInclude>
    <ClInclude Include="src\plugin\topology\topology.hpp">
      <Filter>src\plugin\topology</Filter>
    </ClInclude>
    <ClInclude Include="src\plugin\transformation\history\Command.hpp">
      <Filter>src\plugin\transformation\history</Filter>
    </ClInclude>
    <ClInclude Include="src\plugin\transformation\history\Invoker.hpp">
      <Filter>src\plugin\transformation\history</Filter>
    </ClInclude>
    <ClInclude Include="src\plugin\transformation\history\Invoker.inl">
      <Filter>src\plugin\transformation\history</Filter>
    </ClInclude>
    <ClInclude Include="..\..\..\addons\ofxAssimpModelLoader\src\ofxAssimpAnimation.h">
      <Filter>addons\ofxAssimpModelLoader\src</Filter>
    </ClInclude>
    <ClInclude Include="..\..\..\addons\ofxAssimpModelLoader\src\ofxAssimpMeshHelper.h">
      <Filter>addons\ofxAssimpModelLoader\src</Filter>
    </ClInclude>
    <ClInclude Include="..\..\..\addons\ofxAssimpModelLoader\src\ofxAssimpModelLoader.h">
      <Filter>addons\ofxAssimpModelLoader\src</Filter>
    </ClInclude>
    <ClInclude Include="..\..\..\addons\ofxAssimpModelLoader\src\ofxAssimpTexture.h">
      <Filter>addons\ofxAssimpModelLoader\src</Filter>
    </ClInclude>
    <ClInclude Include="..\..\..\addons\ofxAssimpModelLoader\src\ofxAssimpUtils.h">
      <Filter>addons\ofxAssimpModelLoader\src</Filter>
    </ClInclude>
    <ClInclude Include="..\..\..\addons\ofxAssimpModelLoader\libs\assimp\include\assimp\aabb.h">
      <Filter>addons\ofxAssimpModelLoader\libs\assimp\include\assimp</Filter>
    </ClInclude>
    <ClInclude Include="..\..\..\addons\ofxAssimpModelLoader\libs\assimp\include\assimp\ai_assert.h">
      <Filter>addons\ofxAssimpModelLoader\libs\assimp\include\assimp</Filter>
    </ClInclude>
    <ClInclude Include="..\..\..\addons\ofxAssimpModelLoader\libs\assimp\include\assimp\anim.h">
      <Filter>addons\ofxAssimpModelLoader\libs\assimp\include\assimp</Filter>
    </ClInclude>
    <ClInclude Include="..\..\..\addons\ofxAssimpModelLoader\libs\assimp\include\assimp\Base64.hpp">
      <Filter>addons\ofxAssimpModelLoader\libs\assimp\include\assimp</Filter>
    </ClInclude>
    <ClInclude Include="..\..\..\addons\ofxAssimpModelLoader\libs\assimp\include\assimp\BaseImporter.h">
      <Filter>addons\ofxAssimpModelLoader\libs\assimp\include\assimp</Filter>
    </ClInclude>
    <ClInclude Include="..\..\..\addons\ofxAssimpModelLoader\libs\assimp\include\assimp\Bitmap.h">
      <Filter>addons\ofxAssimpModelLoader\libs\assimp\include\assimp</Filter>
    </ClInclude>
    <ClInclude Include="..\..\..\addons\ofxAssimpModelLoader\libs\assimp\include\assimp\BlobIOSystem.h">
      <Filter>addons\ofxAssimpModelLoader\libs\assimp\include\assimp</Filter>
    </ClInclude>
    <ClInclude Include="..\..\..\addons\ofxAssimpModelLoader\libs\assimp\include\assimp\ByteSwapper.h">
      <Filter>addons\ofxAssimpModelLoader\libs\assimp\include\assimp</Filter>
    </ClInclude>
    <ClInclude Include="..\..\..\addons\ofxAssimpModelLoader\libs\assimp\include\assimp\camera.h">
      <Filter>addons\ofxAssimpModelLoader\libs\assimp\include\assimp</Filter>
    </ClInclude>
    <ClInclude Include="..\..\..\addons\ofxAssimpModelLoader\libs\assimp\include\assimp\cexport.h">
      <Filter>addons\ofxAssimpModelLoader\libs\assimp\include\assimp</Filter>
    </ClInclude>
    <ClInclude Include="..\..\..\addons\ofxAssimpModelLoader\libs\assimp\include\assimp\cfileio.h">
      <Filter>addons\ofxAssimpModelLoader\libs\assimp\include\assimp</Filter>
    </ClInclude>
    <ClInclude Include="..\..\..\addons\ofxAssimpModelLoader\libs\assimp\include\assimp\cimport.h">
      <Filter>addons\ofxAssimpModelLoader\libs\assimp\include\assimp</Filter>
    </ClInclude>
    <ClInclude Include="..\..\..\addons\ofxAssimpModelLoader\libs\assimp\include\assimp\ColladaMetaData.h">
      <Filter>addons\ofxAssimpModelLoader\libs\assimp\include\assimp</Filter>
    </ClInclude>
    <ClInclude Include="..\..\..\addons\ofxAssimpModelLoader\libs\assimp\include\assimp\color4.h">
      <Filter>addons\ofxAssimpModelLoader\libs\assimp\include\assimp</Filter>
    </ClInclude>
    <ClInclude Include="..\..\..\addons\ofxAssimpModelLoader\libs\assimp\include\assimp\commonMetaData.h">
      <Filter>addons\ofxAssimpModelLoader\libs\assimp\include\assimp</Filter>
    </ClInclude>
    <ClInclude Include="..\..\..\addons\ofxAssimpModelLoader\libs\assimp\include\assimp\Compiler\poppack1.h">
      <Filter>addons\ofxAssimpModelLoader\libs\assimp\include\assimp\Compiler</Filter>
    </ClInclude>
    <ClInclude Include="..\..\..\addons\ofxAssimpModelLoader\libs\assimp\include\assimp\Compiler\pstdint.h">
      <Filter>addons\ofxAssimpModelLoader\libs\assimp\include\assimp\Compiler</Filter>
    </ClInclude>
    <ClInclude Include="..\..\..\addons\ofxAssimpModelLoader\libs\assimp\include\assimp\Compiler\pushpack1.h">
      <Filter>addons\ofxAssimpModelLoader\libs\assimp\include\assimp\Compiler</Filter>
    </ClInclude>
    <ClInclude Include="..\..\..\addons\ofxAssimpModelLoader\libs\assimp\include\assimp\config.h">
      <Filter>addons\ofxAssimpModelLoader\libs\assimp\include\assimp</Filter>
    </ClInclude>
    <ClInclude Include="..\..\..\addons\ofxAssimpModelLoader\libs\assimp\include\assimp\CreateAnimMesh.h">
      <Filter>addons\ofxAssimpModelLoader\libs\assimp\include\assimp</Filter>
    </ClInclude>
    <ClInclude Include="..\..\..\addons\ofxAssimpModelLoader\libs\assimp\include\assimp\DefaultIOStream.h">
      <Filter>addons\ofxAssimpModelLoader\libs\assimp\include\assimp</Filter>
    </ClInclude>
    <ClInclude Include="..\..\..\addons\ofxAssimpModelLoader\libs\assimp\include\assimp\DefaultIOSystem.h">
      <Filter>addons\ofxAssimpModelLoader\libs\assimp\include\assimp</Filter>
    </ClInclude>
    <ClInclude Include="..\..\..\addons\ofxAssimpModelLoader\libs\assimp\include\assimp\DefaultLogger.hpp">
      <Filter>addons\ofxAssimpModelLoader\libs\assimp\include\assimp</Filter>
    </ClInclude>
    <ClInclude Include="..\..\..\addons\ofxAssimpModelLoader\libs\assimp\include\assimp\defs.h">
      <Filter>addons\ofxAssimpModelLoader\libs\assimp\include\assimp</Filter>
    </ClInclude>
    <ClInclude Include="..\..\..\addons\ofxAssimpModelLoader\libs\assimp\include\assimp\Exceptional.h">
      <Filter>addons\ofxAssimpModelLoader\libs\assimp\include\assimp</Filter>
    </ClInclude>
    <ClInclude Include="..\..\..\addons\ofxAssimpModelLoader\libs\assimp\include\assimp\Exporter.hpp">
      <Filter>addons\ofxAssimpModelLoader\libs\assimp\include\assimp</Filter>
    </ClInclude>
    <ClInclude Include="..\..\..\addons\ofxAssimpModelLoader\libs\assimp\include\assimp\fast_atof.h">
      <Filter>addons\ofxAssimpModelLoader\libs\assimp\include\assimp</Filter>
    </ClInclude>
    <ClInclude Include="..\..\..\addons\ofxAssimpModelLoader\libs\assimp\include\assimp\GenericProperty.h">
      <Filter>addons\ofxAssimpModelLoader\libs\assimp\include\assimp</Filter>
    </ClInclude>
    <ClInclude Include="..\..\..\addons\ofxAssimpModelLoader\libs\assimp\include\assimp\GltfMaterial.h">
      <Filter>addons\ofxAssimpModelLoader\libs\assimp\include\assimp</Filter>
    </ClInclude>
    <ClInclude Include="..\..\..\addons\ofxAssimpModelLoader\libs\assimp\include\assimp\Hash.h">
      <Filter>addons\ofxAssimpModelLoader\libs\assimp\include\assimp</Filter>
    </ClInclude>
    <ClInclude Include="..\..\..\addons\ofxAssimpModelLoader\libs\assimp\include\assimp\Importer.hpp">
      <Filter>addons\ofxAssimpModelLoader\libs\assimp\include\assimp</Filter>
    </ClInclude>
    <ClInclude Include="..\..\..\addons\ofxAssimpModelLoader\libs\assimp\include\assimp\importerdesc.h">
      <Filter>addons\ofxAssimpModelLoader\libs\assimp\include\assimp</Filter>
    </ClInclude>
    <ClInclude Include="..\..\..\addons\ofxAssimpModelLoader\libs\assimp\include\assimp\IOStream.hpp">
      <Filter>addons\ofxAssimpModelLoader\libs\assimp\include\assimp</Filter>
    </ClInclude>
    <ClInclude Include="..\..\..\addons\ofxAssimpModelLoader\libs\assimp\include\assimp\IOStreamBuffer.h">
      <Filter>addons\ofxAssimpModelLoader\libs\assimp\include\assimp</Filter>
    </ClInclude>
    <ClInclude Include="..\..\..\addons\ofxAssimpModelLoader\libs\assimp\include\assimp\IOSystem.hpp">
      <Filter>addons\ofxAssimpModelLoader\libs\assimp\include\assimp</Filter>
    </ClInclude>
    <ClInclude Include="..\..\..\addons\ofxAssimpModelLoader\libs\assimp\include\assimp\light.h">
      <Filter>addons\ofxAssimpModelLoader\libs\assimp\include\assimp</Filter>
    </ClInclude>
    <ClInclude Include="..\..\..\addons\ofxAssimpModelLoader\libs\assimp\include\assimp\LineSplitter.h">
      <Filter>addons\ofxAssimpModelLoader\libs\assimp\include\assimp</Filter>
    </ClInclude>
    <ClInclude Include="..\..\..\addons\ofxAssimpModelLoader\libs\assimp\include\assimp\LogAux.h">
      <Filter>addons\ofxAssimpModelLoader\libs\assimp\include\assimp</Filter>
    </ClInclude>
    <ClInclude Include="..\..\..\addons\ofxAssimpModelLoader\libs\assimp\include\assimp\Logger.hpp">
      <Filter>addons\ofxAssimpModelLoader\libs\assimp\include\assimp</Filter>
    </ClInclude>
    <ClInclude Include="..\..\..\addons\ofxAssimpModelLoader\libs\assimp\include\assimp\LogStream.hpp">
      <Filter>addons\ofxAssimpModelLoader\libs\assimp\include\assimp</Filter>
    </ClInclude>
    <ClInclude Include="..\..\..\addons\ofxAssimpModelLoader\libs\assimp\include\assimp\material.h">
      <Filter>addons\ofxAssimpModelLoader\libs\assimp\include\assimp</Filter>
    </ClInclude>
    <ClInclude Include="..\..\..\addons\ofxAssimpModelLoader\libs\assimp\include\assimp\MathFunctions.h">
      <Filter>addons\ofxAssimpModelLoader\libs\assimp\include\assimp</Filter>
    </ClInclude>
    <ClInclude Include="..\..\..\addons\ofxAssimpModelLoader\libs\assimp\include\assimp\matrix3x3.h">
      <Filter>addons\ofxAssimpModelLoader\libs\assimp\include\assimp</Filter>
    </ClInclude>
    <ClInclude Include="..\..\..\addons\ofxAssimpModelLoader\libs\assimp\include\assimp\matrix4x4.h">
      <Filter>addons\ofxAssimpModelLoader\libs\assimp\include\assimp</Filter>
    </ClInclude>
    <ClInclude Include="..\..\..\addons\ofxAssimpModelLoader\libs\assimp\include\assimp\MemoryIOWrapper.h">
      <Filter>addons\ofxAssimpModelLoader\libs\assimp\include\assimp</Filter>
    </ClInclude>
    <ClInclude Include="..\..\..\addons\ofxAssimpModelLoader\libs\assimp\include\assimp\mesh.h">
      <Filter>addons\ofxAssimpModelLoader\libs\assimp\include\assimp</Filter>
    </ClInclude>
    <ClInclude Include="..\..\..\addons\ofxAssimpModelLoader\libs\assimp\include\assimp\metadata.h">
      <Filter>addons\ofxAssimpModelLoader\libs\assimp\include\assimp</Filter>
    </ClInclude>
    <ClInclude Include="..\..\..\addons\ofxAssimpModelLoader\libs\assimp\include\assimp\NullLogger.hpp">
      <Filter>addons\ofxAssimpModelLoader\libs\assimp\include\assimp</Filter>
    </ClInclude>
    <ClInclude Include="..\..\..\addons\ofxAssimpModelLoader\libs\assimp\include\assimp\ObjMaterial.h">
      <Filter>addons\ofxAssimpModelLoader\libs\assimp\include\assimp</Filter>
    </ClInclude>
    <ClInclude Include="..\..\..\addons\ofxAssimpModelLoader\libs\assimp\include\assimp\ParsingUtils.h">
      <Filter>addons\ofxAssimpModelLoader\libs\assimp\include\assimp</Filter>
    </ClInclude>
    <ClInclude Include="..\..\..\addons\ofxAssimpModelLoader\libs\assimp\include\assimp\pbrmaterial.h">
      <Filter>addons\ofxAssimpModelLoader\libs\assimp\include\assimp</Filter>
    </ClInclude>
    <ClInclude Include="..\..\..\addons\ofxAssimpModelLoader\libs\assimp\include\assimp\port\AndroidJNI\AndroidJNIIOSystem.h">
      <Filter>addons\ofxAssimpModelLoader\libs\assimp\include\assimp\port\AndroidJNI</Filter>
    </ClInclude>
    <ClInclude Include="..\..\..\addons\ofxAssimpModelLoader\libs\assimp\include\assimp\port\AndroidJNI\BundledAssetIOSystem.h">
      <Filter>addons\ofxAssimpModelLoader\libs\assimp\include\assimp\port\AndroidJNI</Filter>
    </ClInclude>
    <ClInclude Include="..\..\..\addons\ofxAssimpModelLoader\libs\assimp\include\assimp\postprocess.h">
      <Filter>addons\ofxAssimpModelLoader\libs\assimp\include\assimp</Filter>
    </ClInclude>
    <ClInclude Include="..\..\..\addons\ofxAssimpModelLoader\libs\assimp\include\assimp\Profiler.h">
      <Filter>addons\ofxAssimpModelLoader\libs\assimp\include\assimp</Filter>
    </ClInclude>
    <ClInclude Include="..\..\..\addons\ofxAssimpModelLoader\libs\assimp\include\assimp\ProgressHandler.hpp">
      <Filter>addons\ofxAssimpModelLoader\libs\assimp\include\assimp</Filter>
    </ClInclude>
    <ClInclude Include="..\..\..\addons\ofxAssimpModelLoader\libs\assimp\include\assimp\qnan.h">
      <Filter>addons\ofxAssimpModelLoader\libs\assimp\include\assimp</Filter>
    </ClInclude>
    <ClInclude Include="..\..\..\addons\ofxAssimpModelLoader\libs\assimp\include\assimp\quaternion.h">
      <Filter>addons\ofxAssimpModelLoader\libs\assimp\include\assimp</Filter>
    </ClInclude>
    <ClInclude Include="..\..\..\addons\ofxAssimpModelLoader\libs\assimp\include\assimp\RemoveComments.h">
      <Filter>addons\ofxAssimpModelLoader\libs\assimp\include\assimp</Filter>
    </ClInclude>
    <ClInclude Include="..\..\..\addons\ofxAssimpModelLoader\libs\assimp\include\assimp\scene.h">
      <Filter>addons\ofxAssimpModelLoader\libs\assimp\include\assimp</Filter>
    </ClInclude>
    <ClInclude Include="..\..\..\addons\ofxAssimpModelLoader\libs\assimp\include\assimp\SceneCombiner.h">
      <Filter>addons\ofxAssimpModelLoader\libs\assimp\include\assimp</Filter>
    </ClInclude>
    <ClInclude Include="..\..\..\addons\ofxAssimpModelLoader\libs\assimp\include\assimp\SGSpatialSort.h">
      <Filter>addons\ofxAssimpModelLoader\libs\assimp\include\assimp</Filter>
    </ClInclude>
    <ClInclude Include="..\..\..\addons\ofxAssimpModelLoader\libs\assimp\include\assimp\SkeletonMeshBuilder.h">
      <Filter>addons\ofxAssimpModelLoader\libs\assimp\include\assimp</Filter>
    </ClInclude>
    <ClInclude Include="..\..\..\addons\ofxAssimpModelLoader\libs\assimp\include\assimp\SmallVector.h">
      <Filter>addons\ofxAssimpModelLoader\libs\assimp\include\assimp</Filter>
    </ClInclude>
    <ClInclude Include="..\..\..\addons\ofxAssimpModelLoader\libs\assimp\include\assimp\SmoothingGroups.h">
      <Filter>addons\ofxAssimpModelLoader\libs\assimp\include\assimp</Filter>
    </ClInclude>
    <ClInclude Include="..\..\..\addons\ofxAssimpModelLoader\libs\assimp\include\assimp\SpatialSort.h">
      <Filter>addons\ofxAssimpModelLoader\libs\assimp\include\assimp</Filter>
    </ClInclude>
    <ClInclude Include="..\..\..\addons\ofxAssimpModelLoader\libs\assimp\include\assimp\StandardShapes.h">
      <Filter>addons\ofxAssimpModelLoader\libs\assimp\include\assimp</Filter>
    </ClInclude>
    <ClInclude Include="..\..\..\addons\ofxAssimpModelLoader\libs\assimp\include\assimp\StreamReader.h">
      <Filter>addons\ofxAssimpModelLoader\libs\assimp\include\assimp</Filter>
    </ClInclude>
    <ClInclude Include="..\..\..\addons\ofxAssimpModelLoader\libs\assimp\include\assimp\StreamWriter.h">
      <Filter>addons\ofxAssimpModelLoader\libs\assimp\include\assimp</Filter>
    </ClInclude>
    <ClInclude Include="..\..\..\addons\ofxAssimpModelLoader\libs\assimp\include\assimp\StringComparison.h">
      <Filter>addons\ofxAssimpModelLoader\libs\assimp\include\assimp</Filter>
    </ClInclude>
    <ClInclude Include="..\..\..\addons\ofxAssimpModelLoader\libs\assimp\include\assimp\StringUtils.h">
      <Filter>addons\ofxAssimpModelLoader\libs\assimp\include\assimp</Filter>
    </ClInclude>
    <ClInclude Include="..\..\..\addons\ofxAssimpModelLoader\libs\assimp\include\assimp\Subdivision.h">
      <Filter>addons\ofxAssimpModelLoader\libs\assimp\include\assimp</Filter>
    </ClInclude>
    <ClInclude Include="..\..\..\addons\ofxAssimpModelLoader\libs\assimp\include\assimp\texture.h">
      <Filter>addons\ofxAssimpModelLoader\libs\assimp\include\assimp</Filter>
    </ClInclude>
    <ClInclude Include="..\..\..\addons\ofxAssimpModelLoader\libs\assimp\include\assimp\TinyFormatter.h">
      <Filter>addons\ofxAssimpModelLoader\libs\assimp\include\assimp</Filter>
    </ClInclude>
    <ClInclude Include="..\..\..\addons\ofxAssimpModelLoader\libs\assimp\include\assimp\types.h">
      <Filter>addons\ofxAssimpModelLoader\libs\assimp\include\assimp</Filter>
    </ClInclude>
    <ClInclude Include="..\..\..\addons\ofxAssimpModelLoader\libs\assimp\include\assimp\vector2.h">
      <Filter>addons\ofxAssimpModelLoader\libs\assimp\include\assimp</Filter>
    </ClInclude>
    <ClInclude Include="..\..\..\addons\ofxAssimpModelLoader\libs\assimp\include\assimp\vector3.h">
      <Filter>addons\ofxAssimpModelLoader\libs\assimp\include\assimp</Filter>
    </ClInclude>
    <ClInclude Include="..\..\..\addons\ofxAssimpModelLoader\libs\assimp\include\assimp\version.h">
      <Filter>addons\ofxAssimpModelLoader\libs\assimp\include\assimp</Filter>
    </ClInclude>
    <ClInclude Include="..\..\..\addons\ofxAssimpModelLoader\libs\assimp\include\assimp\Vertex.h">
      <Filter>addons\ofxAssimpModelLoader\libs\assimp\include\assimp</Filter>
    </ClInclude>
    <ClInclude Include="..\..\..\addons\ofxAssimpModelLoader\libs\assimp\include\assimp\XmlParser.h">
      <Filter>addons\ofxAssimpModelLoader\libs\assimp\include\assimp</Filter>
    </ClInclude>
    <ClInclude Include="..\..\..\addons\ofxAssimpModelLoader\libs\assimp\include\assimp\XMLTools.h">
      <Filter>addons\ofxAssimpModelLoader\libs\assimp\include\assimp</Filter>
    </ClInclude>
    <ClInclude Include="..\..\..\addons\ofxAssimpModelLoader\libs\assimp\include\assimp\ZipArchiveIOSystem.h">
      <Filter>addons\ofxAssimpModelLoader\libs\assimp\include\assimp</Filter>
    </ClInclude>
    <ClInclude Include="..\..\..\addons\ofxGui\src\ofxBaseGui.h">
      <Filter>addons\ofxGui\src</Filter>
    </ClInclude>
    <ClInclude Include="..\..\..\addons\ofxGui\src\ofxButton.h">
      <Filter>addons\ofxGui\src</Filter>
    </ClInclude>
    <ClInclude Include="..\..\..\addons\ofxGui\src\ofxColorPicker.h">
      <Filter>addons\ofxGui\src</Filter>
    </ClInclude>
    <ClInclude Include="..\..\..\addons\ofxGui\src\ofxGui.h">
      <Filter>addons\ofxGui\src</Filter>
    </ClInclude>
    <ClInclude Include="..\..\..\addons\ofxGui\src\ofxGuiGroup.h">
      <Filter>addons\ofxGui\src</Filter>
    </ClInclude>
    <ClInclude Include="..\..\..\addons\ofxGui\src\ofxGuiUtils.h">
      <Filter>addons\ofxGui\src</Filter>
    </ClInclude>
    <ClInclude Include="..\..\..\addons\ofxGui\src\ofxInputField.h">
      <Filter>addons\ofxGui\src</Filter>
    </ClInclude>
    <ClInclude Include="..\..\..\addons\ofxGui\src\ofxLabel.h">
      <Filter>addons\ofxGui\src</Filter>
    </ClInclude>
    <ClInclude Include="..\..\..\addons\ofxGui\src\ofxPanel.h">
      <Filter>addons\ofxGui\src</Filter>
    </ClInclude>
    <ClInclude Include="..\..\..\addons\ofxGui\src\ofxSlider.h">
      <Filter>addons\ofxGui\src</Filter>
    </ClInclude>
    <ClInclude Include="..\..\..\addons\ofxGui\src\ofxSliderGroup.h">
      <Filter>addons\ofxGui\src</Filter>
    </ClInclude>
    <ClInclude Include="..\..\..\addons\ofxGui\src\ofxToggle.h">
      <Filter>addons\ofxGui\src</Filter>
    </ClInclude>
    <ClInclude Include="..\..\..\addons\ofxImGui\src\BaseEngine.h">
      <Filter>addons\ofxImGui\src</Filter>
    </ClInclude>
    <ClInclude Include="..\..\..\addons\ofxImGui\src\BaseTheme.h">
      <Filter>addons\ofxImGui\src</Filter>
    </ClInclude>
    <ClInclude Include="..\..\..\addons\ofxImGui\src\DefaultTheme.h">
      <Filter>addons\ofxImGui\src</Filter>
    </ClInclude>
    <ClInclude Include="..\..\..\addons\ofxImGui\src\EngineGLFW.h">
      <Filter>addons\ofxImGui\src</Filter>
    </ClInclude>
    <ClInclude Include="..\..\..\addons\ofxImGui\src\EngineOpenFrameworks.h">
      <Filter>addons\ofxImGui\src</Filter>
    </ClInclude>
    <ClInclude Include="..\..\..\addons\ofxImGui\src\EngineOpenGLES.h">
      <Filter>addons\ofxImGui\src</Filter>
    </ClInclude>
    <ClInclude Include="..\..\..\addons\ofxImGui\src\EngineVk.h">
      <Filter>addons\ofxImGui\src</Filter>
    </ClInclude>
    <ClInclude Include="..\..\..\addons\ofxImGui\src\gles1CompatibilityHacks.h">
      <Filter>addons\ofxImGui\src</Filter>
    </ClInclude>
    <ClInclude Include="..\..\..\addons\ofxImGui\src\glfwCompatibilityHacks.h">
      <Filter>addons\ofxImGui\src</Filter>
    </ClInclude>
    <ClInclude Include="..\..\..\addons\ofxImGui\src\Gui.h">
      <Filter>addons\ofxImGui\src</Filter>
    </ClInclude>
    <ClInclude Include="..\..\..\addons\ofxImGui\src\imconfig.h">
      <Filter>addons\ofxImGui\src</Filter>
    </ClInclude>
    <ClInclude Include="..\..\..\addons\ofxImGui\src\ImHelpers.h">
      <Filter>addons\ofxImGui\src</Filter>
    </ClInclude>
    <ClInclude Include="..\..\..\addons\ofxImGui\src\LinkedList.hpp">
      <Filter>addons\ofxImGui\src</Filter>
    </ClInclude>
    <ClInclude Include="..\..\..\addons\ofxImGui\src\ofxImGui.h">
      <Filter>addons\ofxImGui\src</Filter>
    </ClInclude>
    <ClInclude Include="..\..\..\addons\ofxImGui\src\ofxImGuiConstants.h">
      <Filter>addons\ofxImGui\src</Filter>
    </ClInclude>
    <ClInclude Include="..\..\..\addons\ofxImGui\src\ofxImGuiLoggerChannel.h">
      <Filter>addons\ofxImGui\src</Filter>
    </ClInclude>
    <ClInclude Include="..\..\..\addons\ofxImGui\libs\imgui\backends\imgui_impl_glfw.h">
      <Filter>addons\ofxImGui\libs\imgui\backends</Filter>
    </ClInclude>
    <ClInclude Include="..\..\..\addons\ofxImGui\libs\imgui\backends\imgui_impl_glfw_arc_support.h">
      <Filter>addons\ofxImGui\libs\imgui\backends</Filter>
    </ClInclude>
    <ClInclude Include="..\..\..\addons\ofxImGui\libs\imgui\backends\imgui_impl_glfw_context_support.h">
      <Filter>addons\ofxImGui\libs\imgui\backends</Filter>
    </ClInclude>
    <ClInclude Include="..\..\..\addons\ofxImGui\libs\imgui\backends\imgui_impl_opengl2.h">
      <Filter>addons\ofxImGui\libs\imgui\backends</Filter>
    </ClInclude>
    <ClInclude Include="..\..\..\addons\ofxImGui\libs\imgui\backends\imgui_impl_opengl3.h">
      <Filter>addons\ofxImGui\libs\imgui\backends</Filter>
    </ClInclude>
    <ClInclude Include="..\..\..\addons\ofxImGui\libs\imgui\backends\imgui_impl_opengl3_loader.h">
      <Filter>addons\ofxImGui\libs\imgui\backends</Filter>
    </ClInclude>
    <ClInclude Include="..\..\..\addons\ofxImGui\libs\imgui\extras\imgui_stdlib.h">
      <Filter>addons\ofxImGui\libs\imgui\extras</Filter>
    </ClInclude>
    <ClInclude Include="..\..\..\addons\ofxImGui\libs\imgui\src\imgui.h">
      <Filter>addons\ofxImGui\libs\imgui\src</Filter>
    </ClInclude>
    <ClInclude Include="..\..\..\addons\ofxImGui\libs\imgui\src\imgui_internal.h">
      <Filter>addons\ofxImGui\libs\imgui\src</Filter>
    </ClInclude>
    <ClInclude Include="..\..\..\addons\ofxImGui\libs\imgui\src\imstb_rectpack.h">
      <Filter>addons\ofxImGui\libs\imgui\src</Filter>
    </ClInclude>
    <ClInclude Include="..\..\..\addons\ofxImGui\libs\imgui\src\imstb_textedit.h">
      <Filter>addons\ofxImGui\libs\imgui\src</Filter>
    </ClInclude>
    <ClInclude Include="..\..\..\addons\ofxImGui\libs\imgui\src\imstb_truetype.h">
      <Filter>addons\ofxImGui\libs\imgui\src</Filter>
    </ClInclude>
  </ItemGroup>
  <ItemGroup>
    <ResourceCompile Include="icon.rc" />
  </ItemGroup>
</Project>